
Microsoft Visual Studio Solution File, Format Version 12.00
# Visual Studio Version 16
VisualStudioVersion = 16.0.30320.27
MinimumVisualStudioVersion = 10.0.40219.1
Project("{FAE04EC0-301F-11D3-BF4B-00C04F79EFBC}") = "FunChat.Android", "FunChat\FunChat.Android\FunChat.Android.csproj", "{6C0C92D8-A87E-4E8D-9D44-466E6ABB87DB}"
EndProject
Project("{FAE04EC0-301F-11D3-BF4B-00C04F79EFBC}") = "FunChat", "FunChat\FunChat\FunChat.csproj", "{A68A0242-4816-4A22-BC02-53CDC4F2DA12}"
EndProject
Global
	GlobalSection(SolutionConfigurationPlatforms) = preSolution
		Debug|Any CPU = Debug|Any CPU
		Release|Any CPU = Release|Any CPU
	EndGlobalSection
	GlobalSection(ProjectConfigurationPlatforms) = postSolution
		{6C0C92D8-A87E-4E8D-9D44-466E6ABB87DB}.Debug|Any CPU.ActiveCfg = Debug|Any CPU
		{6C0C92D8-A87E-4E8D-9D44-466E6ABB87DB}.Debug|Any CPU.Build.0 = Debug|Any CPU
		{6C0C92D8-A87E-4E8D-9D44-466E6ABB87DB}.Debug|Any CPU.Deploy.0 = Debug|Any CPU
		{6C0C92D8-A87E-4E8D-9D44-466E6ABB87DB}.Release|Any CPU.ActiveCfg = Release|Any CPU
		{6C0C92D8-A87E-4E8D-9D44-466E6ABB87DB}.Release|Any CPU.Build.0 = Release|Any CPU
		{6C0C92D8-A87E-4E8D-9D44-466E6ABB87DB}.Release|Any CPU.Deploy.0 = Release|Any CPU
		{A68A0242-4816-4A22-BC02-53CDC4F2DA12}.Debug|Any CPU.ActiveCfg = Debug|Any CPU
		{A68A0242-4816-4A22-BC02-53CDC4F2DA12}.Debug|Any CPU.Build.0 = Debug|Any CPU
		{A68A0242-4816-4A22-BC02-53CDC4F2DA12}.Debug|Any CPU.Deploy.0 = Debug|Any CPU
		{A68A0242-4816-4A22-BC02-53CDC4F2DA12}.Release|Any CPU.ActiveCfg = Release|Any CPU
		{A68A0242-4816-4A22-BC02-53CDC4F2DA12}.Release|Any CPU.Build.0 = Release|Any CPU
		{A68A0242-4816-4A22-BC02-53CDC4F2DA12}.Release|Any CPU.Deploy.0 = Release|Any CPU
	EndGlobalSection
	GlobalSection(SolutionProperties) = preSolution
		HideSolutionNode = FALSE
	EndGlobalSection
	GlobalSection(ExtensibilityGlobals) = postSolution
		SolutionGuid = {943D2CFD-8105-4496-919E-37AEB323F380}
	EndGlobalSection
EndGlobal
